
Microsoft Visual Studio Solution File, Format Version 12.00
# Visual Studio 14
VisualStudioVersion = 14.0.24720.0
MinimumVisualStudioVersion = 10.0.40219.1
Project("{2150E333-8FDC-42A3-9474-1A3956D46DE8}") = "Data", "Data", "{F5A989F5-AD91-4B55-98B9-88D81C5A8A3E}"
EndProject
Project("{FAE04EC0-301F-11D3-BF4B-00C04F79EFBC}") = "FinanceTracker.Data.DbModels", "Data\FinanceTracker.Data.DbModels\FinanceTracker.Data.DbModels.csproj", "{02624FC1-272A-46F9-87BC-699067ED5CE4}"
EndProject
Project("{FAE04EC0-301F-11D3-BF4B-00C04F79EFBC}") = "FinanceTracker.Data.DatabaseLink", "Data\FinanceTracker.Data.DatabaseLink\FinanceTracker.Data.DatabaseLink.csproj", "{8A4588D4-C201-4925-9CCD-1DB53D20835D}"
EndProject
Project("{2150E333-8FDC-42A3-9474-1A3956D46DE8}") = "WebApi", "WebApi", "{EACEB9ED-4DE1-4E22-9ADD-C42F92F07DC4}"
EndProject
Project("{FAE04EC0-301F-11D3-BF4B-00C04F79EFBC}") = "FinanceTracker.Data.Handlers", "Data\FinanceTracker.Data.Handlers\FinanceTracker.Data.Handlers.csproj", "{6B91029D-E7A5-4EAD-BDE3-59469841CB99}"
EndProject
Project("{FAE04EC0-301F-11D3-BF4B-00C04F79EFBC}") = "FinanceTracker.WebApi.AspApi", "WebApi\FinanceTracker.WebApi.AspApi\FinanceTracker.WebApi.AspApi.csproj", "{743562A5-0C25-4042-BF9D-1B34B1BF999F}"
EndProject
Project("{2150E333-8FDC-42A3-9474-1A3956D46DE8}") = "UniversalApp", "UniversalApp", "{BE4182D8-7892-4386-A66C-E9412538EE16}"
EndProject
Project("{FAE04EC0-301F-11D3-BF4B-00C04F79EFBC}") = "FinanceTracker.UniversalApp.UI", "UniversalApp\FinanceTracker.UniversalApp.UI\FinanceTracker.UniversalApp.UI.csproj", "{F0AEA98B-FDD0-4F59-BCA7-2AB773B7902A}"
EndProject
Global
	GlobalSection(SolutionConfigurationPlatforms) = preSolution
		Debug|Any CPU = Debug|Any CPU
		Debug|ARM = Debug|ARM
		Debug|x64 = Debug|x64
		Debug|x86 = Debug|x86
		Release|Any CPU = Release|Any CPU
		Release|ARM = Release|ARM
		Release|x64 = Release|x64
		Release|x86 = Release|x86
	EndGlobalSection
	GlobalSection(ProjectConfigurationPlatforms) = postSolution
		{02624FC1-272A-46F9-87BC-699067ED5CE4}.Debug|Any CPU.ActiveCfg = Debug|Any CPU
		{02624FC1-272A-46F9-87BC-699067ED5CE4}.Debug|Any CPU.Build.0 = Debug|Any CPU
		{02624FC1-272A-46F9-87BC-699067ED5CE4}.Debug|Any CPU.Deploy.0 = Debug|Any CPU
		{02624FC1-272A-46F9-87BC-699067ED5CE4}.Debug|ARM.ActiveCfg = Debug|Any CPU
		{02624FC1-272A-46F9-87BC-699067ED5CE4}.Debug|ARM.Build.0 = Debug|Any CPU
		{02624FC1-272A-46F9-87BC-699067ED5CE4}.Debug|x64.ActiveCfg = Debug|Any CPU
		{02624FC1-272A-46F9-87BC-699067ED5CE4}.Debug|x64.Build.0 = Debug|Any CPU
		{02624FC1-272A-46F9-87BC-699067ED5CE4}.Debug|x86.ActiveCfg = Debug|Any CPU
		{02624FC1-272A-46F9-87BC-699067ED5CE4}.Debug|x86.Build.0 = Debug|Any CPU
		{02624FC1-272A-46F9-87BC-699067ED5CE4}.Release|Any CPU.ActiveCfg = Release|Any CPU
		{02624FC1-272A-46F9-87BC-699067ED5CE4}.Release|Any CPU.Build.0 = Release|Any CPU
		{02624FC1-272A-46F9-87BC-699067ED5CE4}.Release|ARM.ActiveCfg = Release|Any CPU
		{02624FC1-272A-46F9-87BC-699067ED5CE4}.Release|ARM.Build.0 = Release|Any CPU
		{02624FC1-272A-46F9-87BC-699067ED5CE4}.Release|x64.ActiveCfg = Release|Any CPU
		{02624FC1-272A-46F9-87BC-699067ED5CE4}.Release|x64.Build.0 = Release|Any CPU
		{02624FC1-272A-46F9-87BC-699067ED5CE4}.Release|x86.ActiveCfg = Release|Any CPU
		{02624FC1-272A-46F9-87BC-699067ED5CE4}.Release|x86.Build.0 = Release|Any CPU
		{8A4588D4-C201-4925-9CCD-1DB53D20835D}.Debug|Any CPU.ActiveCfg = Debug|Any CPU
		{8A4588D4-C201-4925-9CCD-1DB53D20835D}.Debug|Any CPU.Build.0 = Debug|Any CPU
		{8A4588D4-C201-4925-9CCD-1DB53D20835D}.Debug|ARM.ActiveCfg = Debug|Any CPU
		{8A4588D4-C201-4925-9CCD-1DB53D20835D}.Debug|ARM.Build.0 = Debug|Any CPU
		{8A4588D4-C201-4925-9CCD-1DB53D20835D}.Debug|x64.ActiveCfg = Debug|Any CPU
		{8A4588D4-C201-4925-9CCD-1DB53D20835D}.Debug|x64.Build.0 = Debug|Any CPU
		{8A4588D4-C201-4925-9CCD-1DB53D20835D}.Debug|x86.ActiveCfg = Debug|Any CPU
		{8A4588D4-C201-4925-9CCD-1DB53D20835D}.Debug|x86.Build.0 = Debug|Any CPU
		{8A4588D4-C201-4925-9CCD-1DB53D20835D}.Release|Any CPU.ActiveCfg = Release|Any CPU
		{8A4588D4-C201-4925-9CCD-1DB53D20835D}.Release|Any CPU.Build.0 = Release|Any CPU
		{8A4588D4-C201-4925-9CCD-1DB53D20835D}.Release|ARM.ActiveCfg = Release|Any CPU
		{8A4588D4-C201-4925-9CCD-1DB53D20835D}.Release|ARM.Build.0 = Release|Any CPU
		{8A4588D4-C201-4925-9CCD-1DB53D20835D}.Release|x64.ActiveCfg = Release|Any CPU
		{8A4588D4-C201-4925-9CCD-1DB53D20835D}.Release|x64.Build.0 = Release|Any CPU
		{8A4588D4-C201-4925-9CCD-1DB53D20835D}.Release|x86.ActiveCfg = Release|Any CPU
		{8A4588D4-C201-4925-9CCD-1DB53D20835D}.Release|x86.Build.0 = Release|Any CPU
		{6B91029D-E7A5-4EAD-BDE3-59469841CB99}.Debug|Any CPU.ActiveCfg = Debug|Any CPU
		{6B91029D-E7A5-4EAD-BDE3-59469841CB99}.Debug|Any CPU.Build.0 = Debug|Any CPU
		{6B91029D-E7A5-4EAD-BDE3-59469841CB99}.Debug|ARM.ActiveCfg = Debug|Any CPU
		{6B91029D-E7A5-4EAD-BDE3-59469841CB99}.Debug|ARM.Build.0 = Debug|Any CPU
		{6B91029D-E7A5-4EAD-BDE3-59469841CB99}.Debug|x64.ActiveCfg = Debug|Any CPU
		{6B91029D-E7A5-4EAD-BDE3-59469841CB99}.Debug|x64.Build.0 = Debug|Any CPU
		{6B91029D-E7A5-4EAD-BDE3-59469841CB99}.Debug|x86.ActiveCfg = Debug|Any CPU
		{6B91029D-E7A5-4EAD-BDE3-59469841CB99}.Debug|x86.Build.0 = Debug|Any CPU
		{6B91029D-E7A5-4EAD-BDE3-59469841CB99}.Release|Any CPU.ActiveCfg = Release|Any CPU
		{6B91029D-E7A5-4EAD-BDE3-59469841CB99}.Release|Any CPU.Build.0 = Release|Any CPU
		{6B91029D-E7A5-4EAD-BDE3-59469841CB99}.Release|ARM.ActiveCfg = Release|Any CPU
		{6B91029D-E7A5-4EAD-BDE3-59469841CB99}.Release|ARM.Build.0 = Release|Any CPU
		{6B91029D-E7A5-4EAD-BDE3-59469841CB99}.Release|x64.ActiveCfg = Release|Any CPU
		{6B91029D-E7A5-4EAD-BDE3-59469841CB99}.Release|x64.Build.0 = Release|Any CPU
		{6B91029D-E7A5-4EAD-BDE3-59469841CB99}.Release|x86.ActiveCfg = Release|Any CPU
		{6B91029D-E7A5-4EAD-BDE3-59469841CB99}.Release|x86.Build.0 = Release|Any CPU
		{743562A5-0C25-4042-BF9D-1B34B1BF999F}.Debug|Any CPU.ActiveCfg = Debug|Any CPU
		{743562A5-0C25-4042-BF9D-1B34B1BF999F}.Debug|Any CPU.Build.0 = Debug|Any CPU
		{743562A5-0C25-4042-BF9D-1B34B1BF999F}.Debug|ARM.ActiveCfg = Debug|Any CPU
		{743562A5-0C25-4042-BF9D-1B34B1BF999F}.Debug|ARM.Build.0 = Debug|Any CPU
		{743562A5-0C25-4042-BF9D-1B34B1BF999F}.Debug|x64.ActiveCfg = Debug|Any CPU
		{743562A5-0C25-4042-BF9D-1B34B1BF999F}.Debug|x64.Build.0 = Debug|Any CPU
		{743562A5-0C25-4042-BF9D-1B34B1BF999F}.Debug|x86.ActiveCfg = Debug|Any CPU
		{743562A5-0C25-4042-BF9D-1B34B1BF999F}.Debug|x86.Build.0 = Debug|Any CPU
		{743562A5-0C25-4042-BF9D-1B34B1BF999F}.Release|Any CPU.ActiveCfg = Release|Any CPU
		{743562A5-0C25-4042-BF9D-1B34B1BF999F}.Release|Any CPU.Build.0 = Release|Any CPU
		{743562A5-0C25-4042-BF9D-1B34B1BF999F}.Release|ARM.ActiveCfg = Release|Any CPU
		{743562A5-0C25-4042-BF9D-1B34B1BF999F}.Release|ARM.Build.0 = Release|Any CPU
		{743562A5-0C25-4042-BF9D-1B34B1BF999F}.Release|x64.ActiveCfg = Release|Any CPU
		{743562A5-0C25-4042-BF9D-1B34B1BF999F}.Release|x64.Build.0 = Release|Any CPU
		{743562A5-0C25-4042-BF9D-1B34B1BF999F}.Release|x86.ActiveCfg = Release|Any CPU
		{743562A5-0C25-4042-BF9D-1B34B1BF999F}.Release|x86.Build.0 = Release|Any CPU
		{F0AEA98B-FDD0-4F59-BCA7-2AB773B7902A}.Debug|Any CPU.ActiveCfg = Debug|x86
		{F0AEA98B-FDD0-4F59-BCA7-2AB773B7902A}.Debug|Any CPU.Build.0 = Debug|x86
		{F0AEA98B-FDD0-4F59-BCA7-2AB773B7902A}.Debug|Any CPU.Deploy.0 = Debug|x86
		{F0AEA98B-FDD0-4F59-BCA7-2AB773B7902A}.Debug|ARM.ActiveCfg = Debug|ARM
		{F0AEA98B-FDD0-4F59-BCA7-2AB773B7902A}.Debug|ARM.Build.0 = Debug|ARM
		{F0AEA98B-FDD0-4F59-BCA7-2AB773B7902A}.Debug|ARM.Deploy.0 = Debug|ARM
		{F0AEA98B-FDD0-4F59-BCA7-2AB773B7902A}.Debug|x64.ActiveCfg = Debug|x64
		{F0AEA98B-FDD0-4F59-BCA7-2AB773B7902A}.Debug|x64.Build.0 = Debug|x64
		{F0AEA98B-FDD0-4F59-BCA7-2AB773B7902A}.Debug|x64.Deploy.0 = Debug|x64
		{F0AEA98B-FDD0-4F59-BCA7-2AB773B7902A}.Debug|x86.ActiveCfg = Debug|x86
		{F0AEA98B-FDD0-4F59-BCA7-2AB773B7902A}.Debug|x86.Build.0 = Debug|x86
		{F0AEA98B-FDD0-4F59-BCA7-2AB773B7902A}.Debug|x86.Deploy.0 = Debug|x86
		{F0AEA98B-FDD0-4F59-BCA7-2AB773B7902A}.Release|Any CPU.ActiveCfg = Release|x86
		{F0AEA98B-FDD0-4F59-BCA7-2AB773B7902A}.Release|ARM.ActiveCfg = Release|ARM
		{F0AEA98B-FDD0-4F59-BCA7-2AB773B7902A}.Release|ARM.Build.0 = Release|ARM
		{F0AEA98B-FDD0-4F59-BCA7-2AB773B7902A}.Release|ARM.Deploy.0 = Release|ARM
		{F0AEA98B-FDD0-4F59-BCA7-2AB773B7902A}.Release|x64.ActiveCfg = Release|x64
		{F0AEA98B-FDD0-4F59-BCA7-2AB773B7902A}.Release|x64.Build.0 = Release|x64
		{F0AEA98B-FDD0-4F59-BCA7-2AB773B7902A}.Release|x64.Deploy.0 = Release|x64
		{F0AEA98B-FDD0-4F59-BCA7-2AB773B7902A}.Release|x86.ActiveCfg = Release|x86
		{F0AEA98B-FDD0-4F59-BCA7-2AB773B7902A}.Release|x86.Build.0 = Release|x86
		{F0AEA98B-FDD0-4F59-BCA7-2AB773B7902A}.Release|x86.Deploy.0 = Release|x86
	EndGlobalSection
	GlobalSection(SolutionProperties) = preSolution
		HideSolutionNode = FALSE
	EndGlobalSection
	GlobalSection(NestedProjects) = preSolution
		{02624FC1-272A-46F9-87BC-699067ED5CE4} = {F5A989F5-AD91-4B55-98B9-88D81C5A8A3E}
		{8A4588D4-C201-4925-9CCD-1DB53D20835D} = {F5A989F5-AD91-4B55-98B9-88D81C5A8A3E}
		{6B91029D-E7A5-4EAD-BDE3-59469841CB99} = {F5A989F5-AD91-4B55-98B9-88D81C5A8A3E}
		{743562A5-0C25-4042-BF9D-1B34B1BF999F} = {EACEB9ED-4DE1-4E22-9ADD-C42F92F07DC4}
		{F0AEA98B-FDD0-4F59-BCA7-2AB773B7902A} = {BE4182D8-7892-4386-A66C-E9412538EE16}
	EndGlobalSection
EndGlobal
